// !$*UTF8*$!
{
	archiveVersion = 1;
	classes = {
	};
	objectVersion = 51;
	objects = {

/* Begin PBXBuildFile section */
		240ECF552488CB0E0006A449 /* MesNotes.rtf in Resources */ = {isa = PBXBuildFile; fileRef = 240ECF542488CB0E0006A449 /* MesNotes.rtf */; };
		240ECF572488D0780006A449 /* Constants.swift in Sources */ = {isa = PBXBuildFile; fileRef = 240ECF562488D0780006A449 /* Constants.swift */; };
		240ECF592488D64D0006A449 /* Videos.swift in Sources */ = {isa = PBXBuildFile; fileRef = 240ECF582488D64D0006A449 /* Videos.swift */; };
		240ECF5B2488D6E30006A449 /* Model.swift in Sources */ = {isa = PBXBuildFile; fileRef = 240ECF5A2488D6E30006A449 /* Model.swift */; };
		240ECF5D2488FC040006A449 /* Response.swift in Sources */ = {isa = PBXBuildFile; fileRef = 240ECF5C2488FC040006A449 /* Response.swift */; };
		240F0F632494E5CC00BA05D9 /* DetailsUIViewController.swift in Sources */ = {isa = PBXBuildFile; fileRef = 240F0F622494E5CC00BA05D9 /* DetailsUIViewController.swift */; };
		240F0F662494FF3700BA05D9 /* PageMenuViewController.swift in Sources */ = {isa = PBXBuildFile; fileRef = 240F0F652494FF3700BA05D9 /* PageMenuViewController.swift */; };
		240F0F682495237600BA05D9 /* MenuBar.swift in Sources */ = {isa = PBXBuildFile; fileRef = 240F0F672495237600BA05D9 /* MenuBar.swift */; };
		240F0F6A2495239F00BA05D9 /* MEsNotes2.rtf in Resources */ = {isa = PBXBuildFile; fileRef = 240F0F692495239F00BA05D9 /* MEsNotes2.rtf */; };
		241650C12494D53F00EB9C76 /* VideoTableViewCell.swift in Sources */ = {isa = PBXBuildFile; fileRef = 241650C02494D53F00EB9C76 /* VideoTableViewCell.swift */; };
		241650C32494D7B400EB9C76 /* CacheManager.swift in Sources */ = {isa = PBXBuildFile; fileRef = 241650C22494D7B400EB9C76 /* CacheManager.swift */; };
		2452276C249B971F00052369 /* ViewController2.swift in Sources */ = {isa = PBXBuildFile; fileRef = 2452276B249B971F00052369 /* ViewController2.swift */; };
		2471B6FA2488444B00B471F8 /* AppDelegate.swift in Sources */ = {isa = PBXBuildFile; fileRef = 2471B6F92488444B00B471F8 /* AppDelegate.swift */; };
		2471B6FC2488444B00B471F8 /* SceneDelegate.swift in Sources */ = {isa = PBXBuildFile; fileRef = 2471B6FB2488444B00B471F8 /* SceneDelegate.swift */; };
		2471B6FE2488444B00B471F8 /* ViewController.swift in Sources */ = {isa = PBXBuildFile; fileRef = 2471B6FD2488444B00B471F8 /* ViewController.swift */; };
		2471B7012488444B00B471F8 /* Main.storyboard in Resources */ = {isa = PBXBuildFile; fileRef = 2471B6FF2488444B00B471F8 /* Main.storyboard */; };
		2471B7032488445000B471F8 /* Assets.xcassets in Resources */ = {isa = PBXBuildFile; fileRef = 2471B7022488445000B471F8 /* Assets.xcassets */; };
		2471B7062488445000B471F8 /* LaunchScreen.storyboard in Resources */ = {isa = PBXBuildFile; fileRef = 2471B7042488445000B471F8 /* LaunchScreen.storyboard */; };
		AD0561522CB2E24697C87476 /* Pods_AppYoutube.framework in Frameworks */ = {isa = PBXBuildFile; fileRef = 169F94891EAF65DCA64B12BB /* Pods_AppYoutube.framework */; };
/* End PBXBuildFile section */

/* Begin PBXFileReference section */
		169F94891EAF65DCA64B12BB /* Pods_AppYoutube.framework */ = {isa = PBXFileReference; explicitFileType = wrapper.framework; includeInIndex = 0; path = Pods_AppYoutube.framework; sourceTree = BUILT_PRODUCTS_DIR; };
		240ECF542488CB0E0006A449 /* MesNotes.rtf */ = {isa = PBXFileReference; lastKnownFileType = text.rtf; path = MesNotes.rtf; sourceTree = "<group>"; };
		240ECF562488D0780006A449 /* Constants.swift */ = {isa = PBXFileReference; lastKnownFileType = sourcecode.swift; path = Constants.swift; sourceTree = "<group>"; };
		240ECF582488D64D0006A449 /* Videos.swift */ = {isa = PBXFileReference; lastKnownFileType = sourcecode.swift; path = Videos.swift; sourceTree = "<group>"; };
		240ECF5A2488D6E30006A449 /* Model.swift */ = {isa = PBXFileReference; lastKnownFileType = sourcecode.swift; path = Model.swift; sourceTree = "<group>"; };
		240ECF5C2488FC040006A449 /* Response.swift */ = {isa = PBXFileReference; lastKnownFileType = sourcecode.swift; path = Response.swift; sourceTree = "<group>"; };
		240F0F622494E5CC00BA05D9 /* DetailsUIViewController.swift */ = {isa = PBXFileReference; lastKnownFileType = sourcecode.swift; path = DetailsUIViewController.swift; sourceTree = "<group>"; };
		240F0F642494F39500BA05D9 /* jsonKetnet.geojson */ = {isa = PBXFileReference; lastKnownFileType = text; path = jsonKetnet.geojson; sourceTree = "<group>"; };
		240F0F652494FF3700BA05D9 /* PageMenuViewController.swift */ = {isa = PBXFileReference; lastKnownFileType = sourcecode.swift; path = PageMenuViewController.swift; sourceTree = "<group>"; };
		240F0F672495237600BA05D9 /* MenuBar.swift */ = {isa = PBXFileReference; lastKnownFileType = sourcecode.swift; path = MenuBar.swift; sourceTree = "<group>"; };
		240F0F692495239F00BA05D9 /* MEsNotes2.rtf */ = {isa = PBXFileReference; lastKnownFileType = text.rtf; path = MEsNotes2.rtf; sourceTree = "<group>"; };
		241650C02494D53F00EB9C76 /* VideoTableViewCell.swift */ = {isa = PBXFileReference; lastKnownFileType = sourcecode.swift; path = VideoTableViewCell.swift; sourceTree = "<group>"; };
		241650C22494D7B400EB9C76 /* CacheManager.swift */ = {isa = PBXFileReference; lastKnownFileType = sourcecode.swift; path = CacheManager.swift; sourceTree = "<group>"; };
		2452276B249B971F00052369 /* ViewController2.swift */ = {isa = PBXFileReference; lastKnownFileType = sourcecode.swift; path = ViewController2.swift; sourceTree = "<group>"; };
		2471B6F62488444B00B471F8 /* AppYoutubeKetNet.app */ = {isa = PBXFileReference; explicitFileType = wrapper.application; includeInIndex = 0; path = AppYoutubeKetNet.app; sourceTree = BUILT_PRODUCTS_DIR; };
		2471B6F92488444B00B471F8 /* AppDelegate.swift */ = {isa = PBXFileReference; lastKnownFileType = sourcecode.swift; path = AppDelegate.swift; sourceTree = "<group>"; };
		2471B6FB2488444B00B471F8 /* SceneDelegate.swift */ = {isa = PBXFileReference; lastKnownFileType = sourcecode.swift; path = SceneDelegate.swift; sourceTree = "<group>"; };
		2471B6FD2488444B00B471F8 /* ViewController.swift */ = {isa = PBXFileReference; lastKnownFileType = sourcecode.swift; path = ViewController.swift; sourceTree = "<group>"; };
		2471B7002488444B00B471F8 /* Base */ = {isa = PBXFileReference; lastKnownFileType = file.storyboard; name = Base; path = Base.lproj/Main.storyboard; sourceTree = "<group>"; };
		2471B7022488445000B471F8 /* Assets.xcassets */ = {isa = PBXFileReference; lastKnownFileType = folder.assetcatalog; path = Assets.xcassets; sourceTree = "<group>"; };
		2471B7052488445000B471F8 /* Base */ = {isa = PBXFileReference; lastKnownFileType = file.storyboard; name = Base; path = Base.lproj/LaunchScreen.storyboard; sourceTree = "<group>"; };
		2471B7072488445000B471F8 /* Info.plist */ = {isa = PBXFileReference; lastKnownFileType = text.plist.xml; path = Info.plist; sourceTree = "<group>"; };
		D4F8E477B18C8AACD6E8C7F6 /* Pods-AppYoutube.debug.xcconfig */ = {isa = PBXFileReference; includeInIndex = 1; lastKnownFileType = text.xcconfig; name = "Pods-AppYoutube.debug.xcconfig"; path = "Target Support Files/Pods-AppYoutube/Pods-AppYoutube.debug.xcconfig"; sourceTree = "<group>"; };
		DC7230ECD09FED6BDF7A1624 /* Pods-AppYoutube.release.xcconfig */ = {isa = PBXFileReference; includeInIndex = 1; lastKnownFileType = text.xcconfig; name = "Pods-AppYoutube.release.xcconfig"; path = "Target Support Files/Pods-AppYoutube/Pods-AppYoutube.release.xcconfig"; sourceTree = "<group>"; };
/* End PBXFileReference section */

/* Begin PBXFrameworksBuildPhase section */
		2471B6F32488444B00B471F8 /* Frameworks */ = {
			isa = PBXFrameworksBuildPhase;
			buildActionMask = 2147483647;
			files = (
				AD0561522CB2E24697C87476 /* Pods_AppYoutube.framework in Frameworks */,
			);
			runOnlyForDeploymentPostprocessing = 0;
		};
/* End PBXFrameworksBuildPhase section */

/* Begin PBXGroup section */
		14EFB70106DAAC7D760F581F /* Pods */ = {
			isa = PBXGroup;
			children = (
				D4F8E477B18C8AACD6E8C7F6 /* Pods-AppYoutube.debug.xcconfig */,
				DC7230ECD09FED6BDF7A1624 /* Pods-AppYoutube.release.xcconfig */,
			);
			path = Pods;
			sourceTree = "<group>";
		};
		2471B6ED2488444B00B471F8 = {
			isa = PBXGroup;
			children = (
				240ECF542488CB0E0006A449 /* MesNotes.rtf */,
				240F0F692495239F00BA05D9 /* MEsNotes2.rtf */,
				2471B6F82488444B00B471F8 /* AppYoutube */,
				2471B6F72488444B00B471F8 /* Products */,
				14EFB70106DAAC7D760F581F /* Pods */,
				75E4D8F0FCCAFA15115273E6 /* Frameworks */,
			);
			sourceTree = "<group>";
		};
		2471B6F72488444B00B471F8 /* Products */ = {
			isa = PBXGroup;
			children = (
				2471B6F62488444B00B471F8 /* AppYoutubeKetNet.app */,
			);
			name = Products;
			sourceTree = "<group>";
		};
		2471B6F82488444B00B471F8 /* AppYoutube */ = {
			isa = PBXGroup;
			children = (
				24E57E91249B99BD00AC0CB0 /* Helpers */,
				2471B6F92488444B00B471F8 /* AppDelegate.swift */,
				2471B6FB2488444B00B471F8 /* SceneDelegate.swift */,
				24E57E90249B999400AC0CB0 /* Model */,
				24E57E8F249B995A00AC0CB0 /* ViewControllers */,
				2471B6FF2488444B00B471F8 /* Main.storyboard */,
				2471B7022488445000B471F8 /* Assets.xcassets */,
				2471B7042488445000B471F8 /* LaunchScreen.storyboard */,
				2471B7072488445000B471F8 /* Info.plist */,
				240F0F642494F39500BA05D9 /* jsonKetnet.geojson */,
				240F0F652494FF3700BA05D9 /* PageMenuViewController.swift */,
				240F0F672495237600BA05D9 /* MenuBar.swift */,
			);
			path = AppYoutube;
			sourceTree = "<group>";
		};
		24E57E8F249B995A00AC0CB0 /* ViewControllers */ = {
			isa = PBXGroup;
			children = (
				2471B6FD2488444B00B471F8 /* ViewController.swift */,
				2452276B249B971F00052369 /* ViewController2.swift */,
				240F0F622494E5CC00BA05D9 /* DetailsUIViewController.swift */,
				241650C02494D53F00EB9C76 /* VideoTableViewCell.swift */,
			);
			path = ViewControllers;
			sourceTree = "<group>";
		};
		24E57E90249B999400AC0CB0 /* Model */ = {
			isa = PBXGroup;
			children = (
				240ECF5C2488FC040006A449 /* Response.swift */,
				240ECF582488D64D0006A449 /* Videos.swift */,
				240ECF5A2488D6E30006A449 /* Model.swift */,
			);
			path = Model;
			sourceTree = "<group>";
		};
		24E57E91249B99BD00AC0CB0 /* Helpers */ = {
			isa = PBXGroup;
			children = (
				240ECF562488D0780006A449 /* Constants.swift */,
				241650C22494D7B400EB9C76 /* CacheManager.swift */,
			);
			path = Helpers;
			sourceTree = "<group>";
		};
		75E4D8F0FCCAFA15115273E6 /* Frameworks */ = {
			isa = PBXGroup;
			children = (
				169F94891EAF65DCA64B12BB /* Pods_AppYoutube.framework */,
			);
			name = Frameworks;
			sourceTree = "<group>";
		};
/* End PBXGroup section */

/* Begin PBXNativeTarget section */
		2471B6F52488444B00B471F8 /* AppYoutube */ = {
			isa = PBXNativeTarget;
			buildConfigurationList = 2471B70A2488445000B471F8 /* Build configuration list for PBXNativeTarget "AppYoutube" */;
			buildPhases = (
				ECF75739694803362435EDE4 /* [CP] Check Pods Manifest.lock */,
				2471B6F22488444B00B471F8 /* Sources */,
				2471B6F32488444B00B471F8 /* Frameworks */,
				2471B6F42488444B00B471F8 /* Resources */,
				FE9A0EB21EF3FAC641DAA83B /* [CP] Embed Pods Frameworks */,
			);
			buildRules = (
			);
			dependencies = (
			);
			name = AppYoutube;
			productName = AppYoutube;
			productReference = 2471B6F62488444B00B471F8 /* AppYoutubeKetNet.app */;
			productType = "com.apple.product-type.application";
		};
/* End PBXNativeTarget section */

/* Begin PBXProject section */
		2471B6EE2488444B00B471F8 /* Project object */ = {
			isa = PBXProject;
			attributes = {
				LastSwiftUpdateCheck = 1130;
				LastUpgradeCheck = 1130;
				ORGANIZATIONNAME = "Nadia Mettioui";
				TargetAttributes = {
					2471B6F52488444B00B471F8 = {
						CreatedOnToolsVersion = 11.3.1;
					};
				};
			};
			buildConfigurationList = 2471B6F12488444B00B471F8 /* Build configuration list for PBXProject "AppYoutubeKetNet" */;
			compatibilityVersion = "Xcode 9.3";
			developmentRegion = en;
			hasScannedForEncodings = 0;
			knownRegions = (
				en,
				Base,
			);
			mainGroup = 2471B6ED2488444B00B471F8;
			productRefGroup = 2471B6F72488444B00B471F8 /* Products */;
			projectDirPath = "";
			projectRoot = "";
			targets = (
				2471B6F52488444B00B471F8 /* AppYoutube */,
			);
		};
/* End PBXProject section */

/* Begin PBXResourcesBuildPhase section */
		2471B6F42488444B00B471F8 /* Resources */ = {
			isa = PBXResourcesBuildPhase;
			buildActionMask = 2147483647;
			files = (
				240ECF552488CB0E0006A449 /* MesNotes.rtf in Resources */,
				2471B7062488445000B471F8 /* LaunchScreen.storyboard in Resources */,
				2471B7032488445000B471F8 /* Assets.xcassets in Resources */,
				2471B7012488444B00B471F8 /* Main.storyboard in Resources */,
				240F0F6A2495239F00BA05D9 /* MEsNotes2.rtf in Resources */,
			);
			runOnlyForDeploymentPostprocessing = 0;
		};
/* End PBXResourcesBuildPhase section */

/* Begin PBXShellScriptBuildPhase section */
		ECF75739694803362435EDE4 /* [CP] Check Pods Manifest.lock */ = {
			isa = PBXShellScriptBuildPhase;
			buildActionMask = 2147483647;
			files = (
			);
			inputFileListPaths = (
			);
			inputPaths = (
				"${PODS_PODFILE_DIR_PATH}/Podfile.lock",
				"${PODS_ROOT}/Manifest.lock",
			);
			name = "[CP] Check Pods Manifest.lock";
			outputFileListPaths = (
			);
			outputPaths = (
				"$(DERIVED_FILE_DIR)/Pods-AppYoutube-checkManifestLockResult.txt",
			);
			runOnlyForDeploymentPostprocessing = 0;
			shellPath = /bin/sh;
			shellScript = "diff \"${PODS_PODFILE_DIR_PATH}/Podfile.lock\" \"${PODS_ROOT}/Manifest.lock\" > /dev/null\nif [ $? != 0 ] ; then\n    # print error to STDERR\n    echo \"error: The sandbox is not in sync with the Podfile.lock. Run 'pod install' or update your CocoaPods installation.\" >&2\n    exit 1\nfi\n# This output is used by Xcode 'outputs' to avoid re-running this script phase.\necho \"SUCCESS\" > \"${SCRIPT_OUTPUT_FILE_0}\"\n";
			showEnvVarsInLog = 0;
		};
		FE9A0EB21EF3FAC641DAA83B /* [CP] Embed Pods Frameworks */ = {
			isa = PBXShellScriptBuildPhase;
			buildActionMask = 2147483647;
			files = (
			);
			inputFileListPaths = (
				"${PODS_ROOT}/Target Support Files/Pods-AppYoutube/Pods-AppYoutube-frameworks-${CONFIGURATION}-input-files.xcfilelist",
			);
			name = "[CP] Embed Pods Frameworks";
			outputFileListPaths = (
				"${PODS_ROOT}/Target Support Files/Pods-AppYoutube/Pods-AppYoutube-frameworks-${CONFIGURATION}-output-files.xcfilelist",
			);
			runOnlyForDeploymentPostprocessing = 0;
			shellPath = /bin/sh;
			shellScript = "\"${PODS_ROOT}/Target Support Files/Pods-AppYoutube/Pods-AppYoutube-frameworks.sh\"\n";
			showEnvVarsInLog = 0;
		};
/* End PBXShellScriptBuildPhase section */

/* Begin PBXSourcesBuildPhase section */
		2471B6F22488444B00B471F8 /* Sources */ = {
			isa = PBXSourcesBuildPhase;
			buildActionMask = 2147483647;
			files = (
				2471B6FE2488444B00B471F8 /* ViewController.swift in Sources */,
				240F0F662494FF3700BA05D9 /* PageMenuViewController.swift in Sources */,
				240F0F682495237600BA05D9 /* MenuBar.swift in Sources */,
				240F0F632494E5CC00BA05D9 /* DetailsUIViewController.swift in Sources */,
				241650C32494D7B400EB9C76 /* CacheManager.swift in Sources */,
				2471B6FA2488444B00B471F8 /* AppDelegate.swift in Sources */,
				2471B6FC2488444B00B471F8 /* SceneDelegate.swift in Sources */,
				240ECF5B2488D6E30006A449 /* Model.swift in Sources */,
				240ECF592488D64D0006A449 /* Videos.swift in Sources */,
				241650C12494D53F00EB9C76 /* VideoTableViewCell.swift in Sources */,
				240ECF572488D0780006A449 /* Constants.swift in Sources */,
				240ECF5D2488FC040006A449 /* Response.swift in Sources */,
				2452276C249B971F00052369 /* ViewController2.swift in Sources */,
			);
			runOnlyForDeploymentPostprocessing = 0;
		};
/* End PBXSourcesBuildPhase section */

/* Begin PBXVariantGroup section */
		2471B6FF2488444B00B471F8 /* Main.storyboard */ = {
			isa = PBXVariantGroup;
			children = (
				2471B7002488444B00B471F8 /* Base */,
			);
			name = Main.storyboard;
			sourceTree = "<group>";
		};
		2471B7042488445000B471F8 /* LaunchScreen.storyboard */ = {
			isa = PBXVariantGroup;
			children = (
				2471B7052488445000B471F8 /* Base */,
			);
			name = LaunchScreen.storyboard;
			sourceTree = "<group>";
		};
/* End PBXVariantGroup section */

/* Begin XCBuildConfiguration section */
		2471B7082488445000B471F8 /* Debug */ = {
			isa = XCBuildConfiguration;
			buildSettings = {
				ALWAYS_SEARCH_USER_PATHS = NO;
				CLANG_ANALYZER_NONNULL = YES;
				CLANG_ANALYZER_NUMBER_OBJECT_CONVERSION = YES_AGGRESSIVE;
				CLANG_CXX_LANGUAGE_STANDARD = "gnu++14";
				CLANG_CXX_LIBRARY = "libc++";
				CLANG_ENABLE_MODULES = YES;
				CLANG_ENABLE_OBJC_ARC = YES;
				CLANG_ENABLE_OBJC_WEAK = YES;
				CLANG_WARN_BLOCK_CAPTURE_AUTORELEASING = YES;
				CLANG_WARN_BOOL_CONVERSION = YES;
				CLANG_WARN_COMMA = YES;
				CLANG_WARN_CONSTANT_CONVERSION = YES;
				CLANG_WARN_DEPRECATED_OBJC_IMPLEMENTATIONS = YES;
				CLANG_WARN_DIRECT_OBJC_ISA_USAGE = YES_ERROR;
				CLANG_WARN_DOCUMENTATION_COMMENTS = YES;
				CLANG_WARN_EMPTY_BODY = YES;
				CLANG_WARN_ENUM_CONVERSION = YES;
				CLANG_WARN_INFINITE_RECURSION = YES;
				CLANG_WARN_INT_CONVERSION = YES;
				CLANG_WARN_NON_LITERAL_NULL_CONVERSION = YES;
				CLANG_WARN_OBJC_IMPLICIT_RETAIN_SELF = YES;
				CLANG_WARN_OBJC_LITERAL_CONVERSION = YES;
				CLANG_WARN_OBJC_ROOT_CLASS = YES_ERROR;
				CLANG_WARN_RANGE_LOOP_ANALYSIS = YES;
				CLANG_WARN_STRICT_PROTOTYPES = YES;
				CLANG_WARN_SUSPICIOUS_MOVE = YES;
				CLANG_WARN_UNGUARDED_AVAILABILITY = YES_AGGRESSIVE;
				CLANG_WARN_UNREACHABLE_CODE = YES;
				CLANG_WARN__DUPLICATE_METHOD_MATCH = YES;
				COPY_PHASE_STRIP = NO;
				DEBUG_INFORMATION_FORMAT = dwarf;
				ENABLE_STRICT_OBJC_MSGSEND = YES;
				ENABLE_TESTABILITY = YES;
				GCC_C_LANGUAGE_STANDARD = gnu11;
				GCC_DYNAMIC_NO_PIC = NO;
				GCC_NO_COMMON_BLOCKS = YES;
				GCC_OPTIMIZATION_LEVEL = 0;
				GCC_PREPROCESSOR_DEFINITIONS = (
					"DEBUG=1",
					"$(inherited)",
				);
				GCC_WARN_64_TO_32_BIT_CONVERSION = YES;
				GCC_WARN_ABOUT_RETURN_TYPE = YES_ERROR;
				GCC_WARN_UNDECLARED_SELECTOR = YES;
				GCC_WARN_UNINITIALIZED_AUTOS = YES_AGGRESSIVE;
				GCC_WARN_UNUSED_FUNCTION = YES;
				GCC_WARN_UNUSED_VARIABLE = YES;
				IPHONEOS_DEPLOYMENT_TARGET = 13.0;
				MTL_ENABLE_DEBUG_INFO = INCLUDE_SOURCE;
				MTL_FAST_MATH = YES;
				ONLY_ACTIVE_ARCH = YES;
				SDKROOT = iphoneos;
				SWIFT_ACTIVE_COMPILATION_CONDITIONS = DEBUG;
				SWIFT_OPTIMIZATION_LEVEL = "-Onone";
			};
			name = Debug;
		};
		2471B7092488445000B471F8 /* Release */ = {
			isa = XCBuildConfiguration;
			buildSettings = {
				ALWAYS_SEARCH_USER_PATHS = NO;
				CLANG_ANALYZER_NONNULL = YES;
				CLANG_ANALYZER_NUMBER_OBJECT_CONVERSION = YES_AGGRESSIVE;
				CLANG_CXX_LANGUAGE_STANDARD = "gnu++14";
				CLANG_CXX_LIBRARY = "libc++";
				CLANG_ENABLE_MODULES = YES;
				CLANG_ENABLE_OBJC_ARC = YES;
				CLANG_ENABLE_OBJC_WEAK = YES;
				CLANG_WARN_BLOCK_CAPTURE_AUTORELEASING = YES;
				CLANG_WARN_BOOL_CONVERSION = YES;
				CLANG_WARN_COMMA = YES;
				CLANG_WARN_CONSTANT_CONVERSION = YES;
				CLANG_WARN_DEPRECATED_OBJC_IMPLEMENTATIONS = YES;
				CLANG_WARN_DIRECT_OBJC_ISA_USAGE = YES_ERROR;
				CLANG_WARN_DOCUMENTATION_COMMENTS = YES;
				CLANG_WARN_EMPTY_BODY = YES;
				CLANG_WARN_ENUM_CONVERSION = YES;
				CLANG_WARN_INFINITE_RECURSION = YES;
				CLANG_WARN_INT_CONVERSION = YES;
				CLANG_WARN_NON_LITERAL_NULL_CONVERSION = YES;
				CLANG_WARN_OBJC_IMPLICIT_RETAIN_SELF = YES;
				CLANG_WARN_OBJC_LITERAL_CONVERSION = YES;
				CLANG_WARN_OBJC_ROOT_CLASS = YES_ERROR;
				CLANG_WARN_RANGE_LOOP_ANALYSIS = YES;
				CLANG_WARN_STRICT_PROTOTYPES = YES;
				CLANG_WARN_SUSPICIOUS_MOVE = YES;
				CLANG_WARN_UNGUARDED_AVAILABILITY = YES_AGGRESSIVE;
				CLANG_WARN_UNREACHABLE_CODE = YES;
				CLANG_WARN__DUPLICATE_METHOD_MATCH = YES;
				COPY_PHASE_STRIP = NO;
				DEBUG_INFORMATION_FORMAT = "dwarf-with-dsym";
				ENABLE_NS_ASSERTIONS = NO;
				ENABLE_STRICT_OBJC_MSGSEND = YES;
				GCC_C_LANGUAGE_STANDARD = gnu11;
				GCC_NO_COMMON_BLOCKS = YES;
				GCC_WARN_64_TO_32_BIT_CONVERSION = YES;
				GCC_WARN_ABOUT_RETURN_TYPE = YES_ERROR;
				GCC_WARN_UNDECLARED_SELECTOR = YES;
				GCC_WARN_UNINITIALIZED_AUTOS = YES_AGGRESSIVE;
				GCC_WARN_UNUSED_FUNCTION = YES;
				GCC_WARN_UNUSED_VARIABLE = YES;
				IPHONEOS_DEPLOYMENT_TARGET = 13.0;
				MTL_ENABLE_DEBUG_INFO = NO;
				MTL_FAST_MATH = YES;
				SDKROOT = iphoneos;
				SWIFT_COMPILATION_MODE = wholemodule;
				SWIFT_OPTIMIZATION_LEVEL = "-O";
				VALIDATE_PRODUCT = YES;
			};
			name = Release;
		};
		2471B70B2488445000B471F8 /* Debug */ = {
			isa = XCBuildConfiguration;
			baseConfigurationReference = D4F8E477B18C8AACD6E8C7F6 /* Pods-AppYoutube.debug.xcconfig */;
			buildSettings = {
				ASSETCATALOG_COMPILER_APPICON_NAME = AppIcon;
				CODE_SIGN_STYLE = Automatic;
				DEVELOPMENT_TEAM = GVV2Q84CVQ;
				INFOPLIST_FILE = AppYoutube/Info.plist;
				LD_RUNPATH_SEARCH_PATHS = (
					"$(inherited)",
					"@executable_path/Frameworks",
				);
				PRODUCT_BUNDLE_IDENTIFIER = com.siraniadam.com.AppYoutube;
				PRODUCT_NAME = AppYoutubeKetNet;
				SWIFT_VERSION = 5.0;
				TARGETED_DEVICE_FAMILY = "1,2";
			};
			name = Debug;
		};
		2471B70C2488445000B471F8 /* Release */ = {
			isa = XCBuildConfiguration;
			baseConfigurationReference = DC7230ECD09FED6BDF7A1624 /* Pods-AppYoutube.release.xcconfig */;
			buildSettings = {
				ASSETCATALOG_COMPILER_APPICON_NAME = AppIcon;
				CODE_SIGN_STYLE = Automatic;
				DEVELOPMENT_TEAM = GVV2Q84CVQ;
				INFOPLIST_FILE = AppYoutube/Info.plist;
				LD_RUNPATH_SEARCH_PATHS = (
					"$(inherited)",
					"@executable_path/Frameworks",
				);
				PRODUCT_BUNDLE_IDENTIFIER = com.siraniadam.com.AppYoutube;
				PRODUCT_NAME = AppYoutubeKetNet;
				SWIFT_VERSION = 5.0;
				TARGETED_DEVICE_FAMILY = "1,2";
			};
			name = Release;
		};
/* End XCBuildConfiguration section */

/* Begin XCConfigurationList section */
		2471B6F12488444B00B471F8 /* Build configuration list for PBXProject "AppYoutubeKetNet" */ = {
			isa = XCConfigurationList;
			buildConfigurations = (
				2471B7082488445000B471F8 /* Debug */,
				2471B7092488445000B471F8 /* Release */,
			);
			defaultConfigurationIsVisible = 0;
			defaultConfigurationName = Release;
		};
		2471B70A2488445000B471F8 /* Build configuration list for PBXNativeTarget "AppYoutube" */ = {
			isa = XCConfigurationList;
			buildConfigurations = (
				2471B70B2488445000B471F8 /* Debug */,
				2471B70C2488445000B471F8 /* Release */,
			);
			defaultConfigurationIsVisible = 0;
			defaultConfigurationName = Release;
		};
/* End XCConfigurationList section */
	};
	rootObject = 2471B6EE2488444B00B471F8 /* Project object */;
}
